PODS:
  - Alamofire (5.6.1)
  - Kingfisher (7.2.4)
  - RxAlamofire (6.1.1):
    - RxAlamofire/Core (= 6.1.1)
  - RxAlamofire/Core (6.1.1):
    - Alamofire (~> 5.4)
    - RxSwift (~> 6.0)
  - RxBlocking (6.5.0):
    - RxSwift (= 6.5.0)
  - RxCocoa (6.5.0):
    - RxRelay (= 6.5.0)
    - RxSwift (= 6.5.0)
  - RxRelay (6.5.0):
    - RxSwift (= 6.5.0)
  - RxSwift (6.5.0)
  - RxTest (6.5.0):
    - RxSwift (= 6.5.0)

DEPENDENCIES:
  - Kingfisher (~> 7.0)
  - RxAlamofire
  - RxBlocking (= 6.5.0)
  - RxCocoa (= 6.5.0)
  - RxSwift (= 6.5.0)
  - RxTest (= 6.5.0)

SPEC REPOS:
  trunk:
    - Alamofire
    - Kingfisher
    - RxAlamofire
    - RxBlocking
    - RxCocoa
    - RxRelay
    - RxSwift
    - RxTest

SPEC CHECKSUMS:
  Alamofire: 87bd8c952f9a4454320fce00d9cc3de57bcadaf5
  Kingfisher: 2457be2121734e69e54a2312ecc0150eb9ae70b3
  RxAlamofire: beb75a1c452d0de225651db4903f5d29d034a620
  RxBlocking: 04b5fd28bb5ea49f7d64b80db8bbfe50d9cc1c7d
  RxCocoa: 94f817b71c07517321eb4f9ad299112ca8af743b
  RxRelay: 1de1523e604c72b6c68feadedd1af3b1b4d0ecbd
  RxSwift: 5710a9e6b17f3c3d6e40d6e559b9fa1e813b2ef8
  RxTest: eb2d23adefc5a5ebf5779c7792fa3edfe6ebcc17

PODFILE CHECKSUM: 0058af209bcae38daeea910a2325c419a5d5f800

COCOAPODS: 1.11.3
