// !$*UTF8*$!
{
	archiveVersion = 1;
	classes = {
	};
	objectVersion = 55;
	objects = {

/* Begin PBXBuildFile section */
		0EBD87D628683FAB003E4708 /* AppDelegate.swift in Sources */ = {isa = PBXBuildFile; fileRef = 0EBD87D528683FAB003E4708 /* AppDelegate.swift */; };
		0EBD87D828683FAB003E4708 /* SceneDelegate.swift in Sources */ = {isa = PBXBuildFile; fileRef = 0EBD87D728683FAB003E4708 /* SceneDelegate.swift */; };
		0EBD87DA28683FAB003E4708 /* ViewController.swift in Sources */ = {isa = PBXBuildFile; fileRef = 0EBD87D928683FAB003E4708 /* ViewController.swift */; };
		0EBD87DD28683FAB003E4708 /* Main.storyboard in Resources */ = {isa = PBXBuildFile; fileRef = 0EBD87DB28683FAB003E4708 /* Main.storyboard */; };
		0EBD87DF28683FAC003E4708 /* Assets.xcassets in Resources */ = {isa = PBXBuildFile; fileRef = 0EBD87DE28683FAC003E4708 /* Assets.xcassets */; };
		0EBD87E228683FAC003E4708 /* LaunchScreen.storyboard in Resources */ = {isa = PBXBuildFile; fileRef = 0EBD87E028683FAC003E4708 /* LaunchScreen.storyboard */; };
		0EBD87ED28683FAC003E4708 /* RickAndMortyWikiTests.swift in Sources */ = {isa = PBXBuildFile; fileRef = 0EBD87EC28683FAC003E4708 /* RickAndMortyWikiTests.swift */; };
		0EBD87F728683FAC003E4708 /* RickAndMortyWikiUITests.swift in Sources */ = {isa = PBXBuildFile; fileRef = 0EBD87F628683FAC003E4708 /* RickAndMortyWikiUITests.swift */; };
		0EBD87F928683FAC003E4708 /* RickAndMortyWikiUITestsLaunchTests.swift in Sources */ = {isa = PBXBuildFile; fileRef = 0EBD87F828683FAC003E4708 /* RickAndMortyWikiUITestsLaunchTests.swift */; };
/* End PBXBuildFile section */

/* Begin PBXContainerItemProxy section */
		0EBD87E928683FAC003E4708 /* PBXContainerItemProxy */ = {
			isa = PBXContainerItemProxy;
			containerPortal = 0EBD87CA28683FAB003E4708 /* Project object */;
			proxyType = 1;
			remoteGlobalIDString = 0EBD87D128683FAB003E4708;
			remoteInfo = RickAndMortyWiki;
		};
		0EBD87F328683FAC003E4708 /* PBXContainerItemProxy */ = {
			isa = PBXContainerItemProxy;
			containerPortal = 0EBD87CA28683FAB003E4708 /* Project object */;
			proxyType = 1;
			remoteGlobalIDString = 0EBD87D128683FAB003E4708;
			remoteInfo = RickAndMortyWiki;
		};
/* End PBXContainerItemProxy section */

/* Begin PBXFileReference section */
		0EBD87D228683FAB003E4708 /* RickAndMortyWiki.app */ = {isa = PBXFileReference; explicitFileType = wrapper.application; includeInIndex = 0; path = RickAndMortyWiki.app; sourceTree = BUILT_PRODUCTS_DIR; };
		0EBD87D528683FAB003E4708 /* AppDelegate.swift */ = {isa = PBXFileReference; lastKnownFileType = sourcecode.swift; path = AppDelegate.swift; sourceTree = "<group>"; };
		0EBD87D728683FAB003E4708 /* SceneDelegate.swift */ = {isa = PBXFileReference; lastKnownFileType = sourcecode.swift; path = SceneDelegate.swift; sourceTree = "<group>"; };
		0EBD87D928683FAB003E4708 /* ViewController.swift */ = {isa = PBXFileReference; lastKnownFileType = sourcecode.swift; path = ViewController.swift; sourceTree = "<group>"; };
		0EBD87DC28683FAB003E4708 /* Base */ = {isa = PBXFileReference; lastKnownFileType = file.storyboard; name = Base; path = Base.lproj/Main.storyboard; sourceTree = "<group>"; };
		0EBD87DE28683FAC003E4708 /* Assets.xcassets */ = {isa = PBXFileReference; lastKnownFileType = folder.assetcatalog; path = Assets.xcassets; sourceTree = "<group>"; };
		0EBD87E128683FAC003E4708 /* Base */ = {isa = PBXFileReference; lastKnownFileType = file.storyboard; name = Base; path = Base.lproj/LaunchScreen.storyboard; sourceTree = "<group>"; };
		0EBD87E328683FAC003E4708 /* Info.plist */ = {isa = PBXFileReference; lastKnownFileType = text.plist.xml; path = Info.plist; sourceTree = "<group>"; };
		0EBD87E828683FAC003E4708 /* RickAndMortyWikiTests.xctest */ = {isa = PBXFileReference; explicitFileType = wrapper.cfbundle; includeInIndex = 0; path = RickAndMortyWikiTests.xctest; sourceTree = BUILT_PRODUCTS_DIR; };
		0EBD87EC28683FAC003E4708 /* RickAndMortyWikiTests.swift */ = {isa = PBXFileReference; lastKnownFileType = sourcecode.swift; path = RickAndMortyWikiTests.swift; sourceTree = "<group>"; };
		0EBD87F228683FAC003E4708 /* RickAndMortyWikiUITests.xctest */ = {isa = PBXFileReference; explicitFileType = wrapper.cfbundle; includeInIndex = 0; path = RickAndMortyWikiUITests.xctest; sourceTree = BUILT_PRODUCTS_DIR; };
		0EBD87F628683FAC003E4708 /* RickAndMortyWikiUITests.swift */ = {isa = PBXFileReference; lastKnownFileType = sourcecode.swift; path = RickAndMortyWikiUITests.swift; sourceTree = "<group>"; };
		0EBD87F828683FAC003E4708 /* RickAndMortyWikiUITestsLaunchTests.swift */ = {isa = PBXFileReference; lastKnownFileType = sourcecode.swift; path = RickAndMortyWikiUITestsLaunchTests.swift; sourceTree = "<group>"; };
/* End PBXFileReference section */

/* Begin PBXFrameworksBuildPhase section */
		0EBD87CF28683FAB003E4708 /* Frameworks */ = {
			isa = PBXFrameworksBuildPhase;
			buildActionMask = 2147483647;
			files = (
			);
			runOnlyForDeploymentPostprocessing = 0;
		};
		0EBD87E528683FAC003E4708 /* Frameworks */ = {
			isa = PBXFrameworksBuildPhase;
			buildActionMask = 2147483647;
			files = (
			);
			runOnlyForDeploymentPostprocessing = 0;
		};
		0EBD87EF28683FAC003E4708 /* Frameworks */ = {
			isa = PBXFrameworksBuildPhase;
			buildActionMask = 2147483647;
			files = (
			);
			runOnlyForDeploymentPostprocessing = 0;
		};
/* End PBXFrameworksBuildPhase section */

/* Begin PBXGroup section */
		0EBD87C928683FAB003E4708 = {
			isa = PBXGroup;
			children = (
				0EBD87D428683FAB003E4708 /* RickAndMortyWiki */,
				0EBD87EB28683FAC003E4708 /* RickAndMortyWikiTests */,
				0EBD87F528683FAC003E4708 /* RickAndMortyWikiUITests */,
				0EBD87D328683FAB003E4708 /* Products */,
			);
			sourceTree = "<group>";
		};
		0EBD87D328683FAB003E4708 /* Products */ = {
			isa = PBXGroup;
			children = (
				0EBD87D228683FAB003E4708 /* RickAndMortyWiki.app */,
				0EBD87E828683FAC003E4708 /* RickAndMortyWikiTests.xctest */,
				0EBD87F228683FAC003E4708 /* RickAndMortyWikiUITests.xctest */,
			);
			name = Products;
			sourceTree = "<group>";
		};
		0EBD87D428683FAB003E4708 /* RickAndMortyWiki */ = {
			isa = PBXGroup;
			children = (
				0EBD87D528683FAB003E4708 /* AppDelegate.swift */,
				0EBD87D728683FAB003E4708 /* SceneDelegate.swift */,
				0EBD87D928683FAB003E4708 /* ViewController.swift */,
				0EBD87DB28683FAB003E4708 /* Main.storyboard */,
				0EBD87DE28683FAC003E4708 /* Assets.xcassets */,
				0EBD87E028683FAC003E4708 /* LaunchScreen.storyboard */,
				0EBD87E328683FAC003E4708 /* Info.plist */,
			);
			path = RickAndMortyWiki;
			sourceTree = "<group>";
		};
		0EBD87EB28683FAC003E4708 /* RickAndMortyWikiTests */ = {
			isa = PBXGroup;
			children = (
				0EBD87EC28683FAC003E4708 /* RickAndMortyWikiTests.swift */,
			);
			path = RickAndMortyWikiTests;
			sourceTree = "<group>";
		};
		0EBD87F528683FAC003E4708 /* RickAndMortyWikiUITests */ = {
			isa = PBXGroup;
			children = (
				0EBD87F628683FAC003E4708 /* RickAndMortyWikiUITests.swift */,
				0EBD87F828683FAC003E4708 /* RickAndMortyWikiUITestsLaunchTests.swift */,
			);
			path = RickAndMortyWikiUITests;
			sourceTree = "<group>";
		};
/* End PBXGroup section */

/* Begin PBXNativeTarget section */
		0EBD87D128683FAB003E4708 /* RickAndMortyWiki */ = {
			isa = PBXNativeTarget;
			buildConfigurationList = 0EBD87FC28683FAC003E4708 /* Build configuration list for PBXNativeTarget "RickAndMortyWiki" */;
			buildPhases = (
				0EBD87CE28683FAB003E4708 /* Sources */,
				0EBD87CF28683FAB003E4708 /* Frameworks */,
				0EBD87D028683FAB003E4708 /* Resources */,
			);
			buildRules = (
			);
			dependencies = (
			);
			name = RickAndMortyWiki;
			productName = RickAndMortyWiki;
			productReference = 0EBD87D228683FAB003E4708 /* RickAndMortyWiki.app */;
			productType = "com.apple.product-type.application";
		};
		0EBD87E728683FAC003E4708 /* RickAndMortyWikiTests */ = {
			isa = PBXNativeTarget;
			buildConfigurationList = 0EBD87FF28683FAC003E4708 /* Build configuration list for PBXNativeTarget "RickAndMortyWikiTests" */;
			buildPhases = (
				0EBD87E428683FAC003E4708 /* Sources */,
				0EBD87E528683FAC003E4708 /* Frameworks */,
				0EBD87E628683FAC003E4708 /* Resources */,
			);
			buildRules = (
			);
			dependencies = (
				0EBD87EA28683FAC003E4708 /* PBXTargetDependency */,
			);
			name = RickAndMortyWikiTests;
			productName = RickAndMortyWikiTests;
			productReference = 0EBD87E828683FAC003E4708 /* RickAndMortyWikiTests.xctest */;
			productType = "com.apple.product-type.bundle.unit-test";
		};
		0EBD87F128683FAC003E4708 /* RickAndMortyWikiUITests */ = {
			isa = PBXNativeTarget;
			buildConfigurationList = 0EBD880228683FAC003E4708 /* Build configuration list for PBXNativeTarget "RickAndMortyWikiUITests" */;
			buildPhases = (
				0EBD87EE28683FAC003E4708 /* Sources */,
				0EBD87EF28683FAC003E4708 /* Frameworks */,
				0EBD87F028683FAC003E4708 /* Resources */,
			);
			buildRules = (
			);
			dependencies = (
				0EBD87F428683FAC003E4708 /* PBXTargetDependency */,
			);
			name = RickAndMortyWikiUITests;
			productName = RickAndMortyWikiUITests;
			productReference = 0EBD87F228683FAC003E4708 /* RickAndMortyWikiUITests.xctest */;
			productType = "com.apple.product-type.bundle.ui-testing";
		};
/* End PBXNativeTarget section */

/* Begin PBXProject section */
		0EBD87CA28683FAB003E4708 /* Project object */ = {
			isa = PBXProject;
			attributes = {
				BuildIndependentTargetsInParallel = 1;
				LastSwiftUpdateCheck = 1320;
				LastUpgradeCheck = 1320;
				TargetAttributes = {
					0EBD87D128683FAB003E4708 = {
						CreatedOnToolsVersion = 13.2.1;
					};
					0EBD87E728683FAC003E4708 = {
						CreatedOnToolsVersion = 13.2.1;
						TestTargetID = 0EBD87D128683FAB003E4708;
					};
					0EBD87F128683FAC003E4708 = {
						CreatedOnToolsVersion = 13.2.1;
						TestTargetID = 0EBD87D128683FAB003E4708;
					};
				};
			};
			buildConfigurationList = 0EBD87CD28683FAB003E4708 /* Build configuration list for PBXProject "RickAndMortyWiki" */;
			compatibilityVersion = "Xcode 13.0";
			developmentRegion = en;
			hasScannedForEncodings = 0;
			knownRegions = (
				en,
				Base,
			);
			mainGroup = 0EBD87C928683FAB003E4708;
			productRefGroup = 0EBD87D328683FAB003E4708 /* Products */;
			projectDirPath = "";
			projectRoot = "";
			targets = (
				0EBD87D128683FAB003E4708 /* RickAndMortyWiki */,
				0EBD87E728683FAC003E4708 /* RickAndMortyWikiTests */,
				0EBD87F128683FAC003E4708 /* RickAndMortyWikiUITests */,
			);
		};
/* End PBXProject section */

/* Begin PBXResourcesBuildPhase section */
		0EBD87D028683FAB003E4708 /* Resources */ = {
			isa = PBXResourcesBuildPhase;
			buildActionMask = 2147483647;
			files = (
				0EBD87E228683FAC003E4708 /* LaunchScreen.storyboard in Resources */,
				0EBD87DF28683FAC003E4708 /* Assets.xcassets in Resources */,
				0EBD87DD28683FAB003E4708 /* Main.storyboard in Resources */,
			);
			runOnlyForDeploymentPostprocessing = 0;
		};
		0EBD87E628683FAC003E4708 /* Resources */ = {
			isa = PBXResourcesBuildPhase;
			buildActionMask = 2147483647;
			files = (
			);
			runOnlyForDeploymentPostprocessing = 0;
		};
		0EBD87F028683FAC003E4708 /* Resources */ = {
			isa = PBXResourcesBuildPhase;
			buildActionMask = 2147483647;
			files = (
			);
			runOnlyForDeploymentPostprocessing = 0;
		};
/* End PBXResourcesBuildPhase section */

/* Begin PBXSourcesBuildPhase section */
		0EBD87CE28683FAB003E4708 /* Sources */ = {
			isa = PBXSourcesBuildPhase;
			buildActionMask = 2147483647;
			files = (
				0EBD87DA28683FAB003E4708 /* ViewController.swift in Sources */,
				0EBD87D628683FAB003E4708 /* AppDelegate.swift in Sources */,
				0EBD87D828683FAB003E4708 /* SceneDelegate.swift in Sources */,
			);
			runOnlyForDeploymentPostprocessing = 0;
		};
		0EBD87E428683FAC003E4708 /* Sources */ = {
			isa = PBXSourcesBuildPhase;
			buildActionMask = 2147483647;
			files = (
				0EBD87ED28683FAC003E4708 /* RickAndMortyWikiTests.swift in Sources */,
			);
			runOnlyForDeploymentPostprocessing = 0;
		};
		0EBD87EE28683FAC003E4708 /* Sources */ = {
			isa = PBXSourcesBuildPhase;
			buildActionMask = 2147483647;
			files = (
				0EBD87F728683FAC003E4708 /* RickAndMortyWikiUITests.swift in Sources */,
				0EBD87F928683FAC003E4708 /* RickAndMortyWikiUITestsLaunchTests.swift in Sources */,
			);
			runOnlyForDeploymentPostprocessing = 0;
		};
/* End PBXSourcesBuildPhase section */

/* Begin PBXTargetDependency section */
		0EBD87EA28683FAC003E4708 /* PBXTargetDependency */ = {
			isa = PBXTargetDependency;
			target = 0EBD87D128683FAB003E4708 /* RickAndMortyWiki */;
			targetProxy = 0EBD87E928683FAC003E4708 /* PBXContainerItemProxy */;
		};
		0EBD87F428683FAC003E4708 /* PBXTargetDependency */ = {
			isa = PBXTargetDependency;
			target = 0EBD87D128683FAB003E4708 /* RickAndMortyWiki */;
			targetProxy = 0EBD87F328683FAC003E4708 /* PBXContainerItemProxy */;
		};
/* End PBXTargetDependency section */

/* Begin PBXVariantGroup section */
		0EBD87DB28683FAB003E4708 /* Main.storyboard */ = {
			isa = PBXVariantGroup;
			children = (
				0EBD87DC28683FAB003E4708 /* Base */,
			);
			name = Main.storyboard;
			sourceTree = "<group>";
		};
		0EBD87E028683FAC003E4708 /* LaunchScreen.storyboard */ = {
			isa = PBXVariantGroup;
			children = (
				0EBD87E128683FAC003E4708 /* Base */,
			);
			name = LaunchScreen.storyboard;
			sourceTree = "<group>";
		};
/* End PBXVariantGroup section */

/* Begin XCBuildConfiguration section */
		0EBD87FA28683FAC003E4708 /* Debug */ = {
			isa = XCBuildConfiguration;
			buildSettings = {
				ALWAYS_SEARCH_USER_PATHS = NO;
				CLANG_ANALYZER_NONNULL = YES;
				CLANG_ANALYZER_NUMBER_OBJECT_CONVERSION = YES_AGGRESSIVE;
				CLANG_CXX_LANGUAGE_STANDARD = "gnu++17";
				CLANG_CXX_LIBRARY = "libc++";
				CLANG_ENABLE_MODULES = YES;
				CLANG_ENABLE_OBJC_ARC = YES;
				CLANG_ENABLE_OBJC_WEAK = YES;
				CLANG_WARN_BLOCK_CAPTURE_AUTORELEASING = YES;
				CLANG_WARN_BOOL_CONVERSION = YES;
				CLANG_WARN_COMMA = YES;
				CLANG_WARN_CONSTANT_CONVERSION = YES;
				CLANG_WARN_DEPRECATED_OBJC_IMPLEMENTATIONS = YES;
				CLANG_WARN_DIRECT_OBJC_ISA_USAGE = YES_ERROR;
				CLANG_WARN_DOCUMENTATION_COMMENTS = YES;
				CLANG_WARN_EMPTY_BODY = YES;
				CLANG_WARN_ENUM_CONVERSION = YES;
				CLANG_WARN_INFINITE_RECURSION = YES;
				CLANG_WARN_INT_CONVERSION = YES;
				CLANG_WARN_NON_LITERAL_NULL_CONVERSION = YES;
				CLANG_WARN_OBJC_IMPLICIT_RETAIN_SELF = YES;
				CLANG_WARN_OBJC_LITERAL_CONVERSION = YES;
				CLANG_WARN_OBJC_ROOT_CLASS = YES_ERROR;
				CLANG_WARN_QUOTED_INCLUDE_IN_FRAMEWORK_HEADER = YES;
				CLANG_WARN_RANGE_LOOP_ANALYSIS = YES;
				CLANG_WARN_STRICT_PROTOTYPES = YES;
				CLANG_WARN_SUSPICIOUS_MOVE = YES;
				CLANG_WARN_UNGUARDED_AVAILABILITY = YES_AGGRESSIVE;
				CLANG_WARN_UNREACHABLE_CODE = YES;
				CLANG_WARN__DUPLICATE_METHOD_MATCH = YES;
				COPY_PHASE_STRIP = NO;
				DEBUG_INFORMATION_FORMAT = dwarf;
				ENABLE_STRICT_OBJC_MSGSEND = YES;
				ENABLE_TESTABILITY = YES;
				GCC_C_LANGUAGE_STANDARD = gnu11;
				GCC_DYNAMIC_NO_PIC = NO;
				GCC_NO_COMMON_BLOCKS = YES;
				GCC_OPTIMIZATION_LEVEL = 0;
				GCC_PREPROCESSOR_DEFINITIONS = (
					"DEBUG=1",
					"$(inherited)",
				);
				GCC_WARN_64_TO_32_BIT_CONVERSION = YES;
				GCC_WARN_ABOUT_RETURN_TYPE = YES_ERROR;
				GCC_WARN_UNDECLARED_SELECTOR = YES;
				GCC_WARN_UNINITIALIZED_AUTOS = YES_AGGRESSIVE;
				GCC_WARN_UNUSED_FUNCTION = YES;
				GCC_WARN_UNUSED_VARIABLE = YES;
				IPHONEOS_DEPLOYMENT_TARGET = 15.2;
				MTL_ENABLE_DEBUG_INFO = INCLUDE_SOURCE;
				MTL_FAST_MATH = YES;
				ONLY_ACTIVE_ARCH = YES;
				SDKROOT = iphoneos;
				SWIFT_ACTIVE_COMPILATION_CONDITIONS = DEBUG;
				SWIFT_OPTIMIZATION_LEVEL = "-Onone";
			};
			name = Debug;
		};
		0EBD87FB28683FAC003E4708 /* Release */ = {
			isa = XCBuildConfiguration;
			buildSettings = {
				ALWAYS_SEARCH_USER_PATHS = NO;
				CLANG_ANALYZER_NONNULL = YES;
				CLANG_ANALYZER_NUMBER_OBJECT_CONVERSION = YES_AGGRESSIVE;
				CLANG_CXX_LANGUAGE_STANDARD = "gnu++17";
				CLANG_CXX_LIBRARY = "libc++";
				CLANG_ENABLE_MODULES = YES;
				CLANG_ENABLE_OBJC_ARC = YES;
				CLANG_ENABLE_OBJC_WEAK = YES;
				CLANG_WARN_BLOCK_CAPTURE_AUTORELEASING = YES;
				CLANG_WARN_BOOL_CONVERSION = YES;
				CLANG_WARN_COMMA = YES;
				CLANG_WARN_CONSTANT_CONVERSION = YES;
				CLANG_WARN_DEPRECATED_OBJC_IMPLEMENTATIONS = YES;
				CLANG_WARN_DIRECT_OBJC_ISA_USAGE = YES_ERROR;
				CLANG_WARN_DOCUMENTATION_COMMENTS = YES;
				CLANG_WARN_EMPTY_BODY = YES;
				CLANG_WARN_ENUM_CONVERSION = YES;
				CLANG_WARN_INFINITE_RECURSION = YES;
				CLANG_WARN_INT_CONVERSION = YES;
				CLANG_WARN_NON_LITERAL_NULL_CONVERSION = YES;
				CLANG_WARN_OBJC_IMPLICIT_RETAIN_SELF = YES;
				CLANG_WARN_OBJC_LITERAL_CONVERSION = YES;
				CLANG_WARN_OBJC_ROOT_CLASS = YES_ERROR;
				CLANG_WARN_QUOTED_INCLUDE_IN_FRAMEWORK_HEADER = YES;
				CLANG_WARN_RANGE_LOOP_ANALYSIS = YES;
				CLANG_WARN_STRICT_PROTOTYPES = YES;
				CLANG_WARN_SUSPICIOUS_MOVE = YES;
				CLANG_WARN_UNGUARDED_AVAILABILITY = YES_AGGRESSIVE;
				CLANG_WARN_UNREACHABLE_CODE = YES;
				CLANG_WARN__DUPLICATE_METHOD_MATCH = YES;
				COPY_PHASE_STRIP = NO;
				DEBUG_INFORMATION_FORMAT = "dwarf-with-dsym";
				ENABLE_NS_ASSERTIONS = NO;
				ENABLE_STRICT_OBJC_MSGSEND = YES;
				GCC_C_LANGUAGE_STANDARD = gnu11;
				GCC_NO_COMMON_BLOCKS = YES;
				GCC_WARN_64_TO_32_BIT_CONVERSION = YES;
				GCC_WARN_ABOUT_RETURN_TYPE = YES_ERROR;
				GCC_WARN_UNDECLARED_SELECTOR = YES;
				GCC_WARN_UNINITIALIZED_AUTOS = YES_AGGRESSIVE;
				GCC_WARN_UNUSED_FUNCTION = YES;
				GCC_WARN_UNUSED_VARIABLE = YES;
				IPHONEOS_DEPLOYMENT_TARGET = 15.2;
				MTL_ENABLE_DEBUG_INFO = NO;
				MTL_FAST_MATH = YES;
				SDKROOT = iphoneos;
				SWIFT_COMPILATION_MODE = wholemodule;
				SWIFT_OPTIMIZATION_LEVEL = "-O";
				VALIDATE_PRODUCT = YES;
			};
			name = Release;
		};
		0EBD87FD28683FAC003E4708 /* Debug */ = {
			isa = XCBuildConfiguration;
			buildSettings = {
				ASSETCATALOG_COMPILER_APPICON_NAME = AppIcon;
				ASSETCATALOG_COMPILER_GLOBAL_ACCENT_COLOR_NAME = AccentColor;
				CODE_SIGN_STYLE = Automatic;
				CURRENT_PROJECT_VERSION = 1;
				GENERATE_INFOPLIST_FILE = YES;
				INFOPLIST_FILE = RickAndMortyWiki/Info.plist;
				INFOPLIST_KEY_UIApplicationSupportsIndirectInputEvents = YES;
				INFOPLIST_KEY_UILaunchStoryboardName = LaunchScreen;
				INFOPLIST_KEY_UIMainStoryboardFile = Main;
				INFOPLIST_KEY_UISupportedInterfaceOrientations_iPad = "UIInterfaceOrientationPortrait UIInterfaceOrientationPortraitUpsideDown UIInterfaceOrientationLandscapeLeft UIInterfaceOrientationLandscapeRight";
				INFOPLIST_KEY_UISupportedInterfaceOrientations_iPhone = "UIInterfaceOrientationPortrait UIInterfaceOrientationLandscapeLeft UIInterfaceOrientationLandscapeRight";
				LD_RUNPATH_SEARCH_PATHS = (
					"$(inherited)",
					"@executable_path/Frameworks",
				);
				MARKETING_VERSION = 1.0;
				PRODUCT_BUNDLE_IDENTIFIER = com.karrotcorp.RickAndMortyWiki;
				PRODUCT_NAME = "$(TARGET_NAME)";
				SWIFT_EMIT_LOC_STRINGS = YES;
				SWIFT_VERSION = 5.0;
				TARGETED_DEVICE_FAMILY = "1,2";
			};
			name = Debug;
		};
		0EBD87FE28683FAC003E4708 /* Release */ = {
			isa = XCBuildConfiguration;
			buildSettings = {
				ASSETCATALOG_COMPILER_APPICON_NAME = AppIcon;
				ASSETCATALOG_COMPILER_GLOBAL_ACCENT_COLOR_NAME = AccentColor;
				CODE_SIGN_STYLE = Automatic;
				CURRENT_PROJECT_VERSION = 1;
				GENERATE_INFOPLIST_FILE = YES;
				INFOPLIST_FILE = RickAndMortyWiki/Info.plist;
				INFOPLIST_KEY_UIApplicationSupportsIndirectInputEvents = YES;
				INFOPLIST_KEY_UILaunchStoryboardName = LaunchScreen;
				INFOPLIST_KEY_UIMainStoryboardFile = Main;
				INFOPLIST_KEY_UISupportedInterfaceOrientations_iPad = "UIInterfaceOrientationPortrait UIInterfaceOrientationPortraitUpsideDown UIInterfaceOrientationLandscapeLeft UIInterfaceOrientationLandscapeRight";
				INFOPLIST_KEY_UISupportedInterfaceOrientations_iPhone = "UIInterfaceOrientationPortrait UIInterfaceOrientationLandscapeLeft UIInterfaceOrientationLandscapeRight";
				LD_RUNPATH_SEARCH_PATHS = (
					"$(inherited)",
					"@executable_path/Frameworks",
				);
				MARKETING_VERSION = 1.0;
				PRODUCT_BUNDLE_IDENTIFIER = com.karrotcorp.RickAndMortyWiki;
				PRODUCT_NAME = "$(TARGET_NAME)";
				SWIFT_EMIT_LOC_STRINGS = YES;
				SWIFT_VERSION = 5.0;
				TARGETED_DEVICE_FAMILY = "1,2";
			};
			name = Release;
		};
		0EBD880028683FAC003E4708 /* Debug */ = {
			isa = XCBuildConfiguration;
			buildSettings = {
				ALWAYS_EMBED_SWIFT_STANDARD_LIBRARIES = YES;
				BUNDLE_LOADER = "$(TEST_HOST)";
				CODE_SIGN_STYLE = Automatic;
				CURRENT_PROJECT_VERSION = 1;
				GENERATE_INFOPLIST_FILE = YES;
				IPHONEOS_DEPLOYMENT_TARGET = 15.2;
				MARKETING_VERSION = 1.0;
				PRODUCT_BUNDLE_IDENTIFIER = com.karrotcorp.RickAndMortyWikiTests;
				PRODUCT_NAME = "$(TARGET_NAME)";
				SWIFT_EMIT_LOC_STRINGS = NO;
				SWIFT_VERSION = 5.0;
				TARGETED_DEVICE_FAMILY = "1,2";
				TEST_HOST = "$(BUILT_PRODUCTS_DIR)/RickAndMortyWiki.app/RickAndMortyWiki";
			};
			name = Debug;
		};
		0EBD880128683FAC003E4708 /* Release */ = {
			isa = XCBuildConfiguration;
			buildSettings = {
				ALWAYS_EMBED_SWIFT_STANDARD_LIBRARIES = YES;
				BUNDLE_LOADER = "$(TEST_HOST)";
				CODE_SIGN_STYLE = Automatic;
				CURRENT_PROJECT_VERSION = 1;
				GENERATE_INFOPLIST_FILE = YES;
				IPHONEOS_DEPLOYMENT_TARGET = 15.2;
				MARKETING_VERSION = 1.0;
				PRODUCT_BUNDLE_IDENTIFIER = com.karrotcorp.RickAndMortyWikiTests;
				PRODUCT_NAME = "$(TARGET_NAME)";
				SWIFT_EMIT_LOC_STRINGS = NO;
				SWIFT_VERSION = 5.0;
				TARGETED_DEVICE_FAMILY = "1,2";
				TEST_HOST = "$(BUILT_PRODUCTS_DIR)/RickAndMortyWiki.app/RickAndMortyWiki";
			};
			name = Release;
		};
		0EBD880328683FAC003E4708 /* Debug */ = {
			isa = XCBuildConfiguration;
			buildSettings = {
				ALWAYS_EMBED_SWIFT_STANDARD_LIBRARIES = YES;
				CODE_SIGN_STYLE = Automatic;
				CURRENT_PROJECT_VERSION = 1;
				GENERATE_INFOPLIST_FILE = YES;
				MARKETING_VERSION = 1.0;
				PRODUCT_BUNDLE_IDENTIFIER = com.karrotcorp.RickAndMortyWikiUITests;
				PRODUCT_NAME = "$(TARGET_NAME)";
				SWIFT_EMIT_LOC_STRINGS = NO;
				SWIFT_VERSION = 5.0;
				TARGETED_DEVICE_FAMILY = "1,2";
				TEST_TARGET_NAME = RickAndMortyWiki;
			};
			name = Debug;
		};
		0EBD880428683FAC003E4708 /* Release */ = {
			isa = XCBuildConfiguration;
			buildSettings = {
				ALWAYS_EMBED_SWIFT_STANDARD_LIBRARIES = YES;
				CODE_SIGN_STYLE = Automatic;
				CURRENT_PROJECT_VERSION = 1;
				GENERATE_INFOPLIST_FILE = YES;
				MARKETING_VERSION = 1.0;
				PRODUCT_BUNDLE_IDENTIFIER = com.karrotcorp.RickAndMortyWikiUITests;
				PRODUCT_NAME = "$(TARGET_NAME)";
				SWIFT_EMIT_LOC_STRINGS = NO;
				SWIFT_VERSION = 5.0;
				TARGETED_DEVICE_FAMILY = "1,2";
				TEST_TARGET_NAME = RickAndMortyWiki;
			};
			name = Release;
		};
/* End XCBuildConfiguration section */

/* Begin XCConfigurationList section */
		0EBD87CD28683FAB003E4708 /* Build configuration list for PBXProject "RickAndMortyWiki" */ = {
			isa = XCConfigurationList;
			buildConfigurations = (
				0EBD87FA28683FAC003E4708 /* Debug */,
				0EBD87FB28683FAC003E4708 /* Release */,
			);
			defaultConfigurationIsVisible = 0;
			defaultConfigurationName = Release;
		};
		0EBD87FC28683FAC003E4708 /* Build configuration list for PBXNativeTarget "RickAndMortyWiki" */ = {
			isa = XCConfigurationList;
			buildConfigurations = (
				0EBD87FD28683FAC003E4708 /* Debug */,
				0EBD87FE28683FAC003E4708 /* Release */,
			);
			defaultConfigurationIsVisible = 0;
			defaultConfigurationName = Release;
		};
		0EBD87FF28683FAC003E4708 /* Build configuration list for PBXNativeTarget "RickAndMortyWikiTests" */ = {
			isa = XCConfigurationList;
			buildConfigurations = (
				0EBD880028683FAC003E4708 /* Debug */,
				0EBD880128683FAC003E4708 /* Release */,
			);
			defaultConfigurationIsVisible = 0;
			defaultConfigurationName = Release;
		};
		0EBD880228683FAC003E4708 /* Build configuration list for PBXNativeTarget "RickAndMortyWikiUITests" */ = {
			isa = XCConfigurationList;
			buildConfigurations = (
				0EBD880328683FAC003E4708 /* Debug */,
				0EBD880428683FAC003E4708 /* Release */,
			);
			defaultConfigurationIsVisible = 0;
			defaultConfigurationName = Release;
		};
/* End XCConfigurationList section */
	};
	rootObject = 0EBD87CA28683FAB003E4708 /* Project object */;
}
